
Microsoft Visual Studio Solution File, Format Version 12.00
# Visual Studio Version 16
VisualStudioVersion = 16.0.29709.97
MinimumVisualStudioVersion = 10.0.40219.1
Project("{FAE04EC0-301F-11D3-BF4B-00C04F79EFBC}") = "PJSHRM", "PJSHRM\PJSHRM.csproj", "{7FEF4833-D95B-49A8-8FE2-9D0B791D323E}"
EndProject
Global
	GlobalSection(SolutionConfigurationPlatforms) = preSolution
		Debug|Any CPU = Debug|Any CPU
		Release|Any CPU = Release|Any CPU
	EndGlobalSection
	GlobalSection(ProjectConfigurationPlatforms) = postSolution
		{7FEF4833-D95B-49A8-8FE2-9D0B791D323E}.Debug|Any CPU.ActiveCfg = Debug|Any CPU
		{7FEF4833-D95B-49A8-8FE2-9D0B791D323E}.Debug|Any CPU.Build.0 = Debug|Any CPU
		{7FEF4833-D95B-49A8-8FE2-9D0B791D323E}.Release|Any CPU.ActiveCfg = Release|Any CPU
		{7FEF4833-D95B-49A8-8FE2-9D0B791D323E}.Release|Any CPU.Build.0 = Release|Any CPU
	EndGlobalSection
	GlobalSection(SolutionProperties) = preSolution
		HideSolutionNode = FALSE
	EndGlobalSection
	GlobalSection(ExtensibilityGlobals) = postSolution
		SolutionGuid = {EAD103F5-CD8A-4220-8A06-22B983D445DA}
	EndGlobalSection
EndGlobal
